// !$*UTF8*$!
{
	archiveVersion = 1;
	classes = {
	};
	objectVersion = 46;
	objects = {

/* Begin PBXBuildFile section */
		A894277C1E09211E00577DC8 /* AppDelegate.swift in Sources */ = {isa = PBXBuildFile; fileRef = A894277B1E09211E00577DC8 /* AppDelegate.swift */; };
		A894277E1E09211E00577DC8 /* ViewController.swift in Sources */ = {isa = PBXBuildFile; fileRef = A894277D1E09211E00577DC8 /* ViewController.swift */; };
		A89427811E09211E00577DC8 /* Main.storyboard in Resources */ = {isa = PBXBuildFile; fileRef = A894277F1E09211E00577DC8 /* Main.storyboard */; };
		A89427831E09211E00577DC8 /* Assets.xcassets in Resources */ = {isa = PBXBuildFile; fileRef = A89427821E09211E00577DC8 /* Assets.xcassets */; };
		A89427861E09211E00577DC8 /* LaunchScreen.storyboard in Resources */ = {isa = PBXBuildFile; fileRef = A89427841E09211E00577DC8 /* LaunchScreen.storyboard */; };
		A894278E1E0924D200577DC8 /* PaintView.swift in Sources */ = {isa = PBXBuildFile; fileRef = A894278D1E0924D200577DC8 /* PaintView.swift */; };
/* End PBXBuildFile section */

/* Begin PBXFileReference section */
		A89427781E09211E00577DC8 /* Swift-画板.app */ = {isa = PBXFileReference; explicitFileType = wrapper.application; includeInIndex = 0; path = "Swift-画板.app"; sourceTree = BUILT_PRODUCTS_DIR; };
		A894277B1E09211E00577DC8 /* AppDelegate.swift */ = {isa = PBXFileReference; lastKnownFileType = sourcecode.swift; path = AppDelegate.swift; sourceTree = "<group>"; };
		A894277D1E09211E00577DC8 /* ViewController.swift */ = {isa = PBXFileReference; lastKnownFileType = sourcecode.swift; path = ViewController.swift; sourceTree = "<group>"; };
		A89427801E09211E00577DC8 /* Base */ = {isa = PBXFileReference; lastKnownFileType = file.storyboard; name = Base; path = Base.lproj/Main.storyboard; sourceTree = "<group>"; };
		A89427821E09211E00577DC8 /* Assets.xcassets */ = {isa = PBXFileReference; lastKnownFileType = folder.assetcatalog; path = Assets.xcassets; sourceTree = "<group>"; };
		A89427851E09211E00577DC8 /* Base */ = {isa = PBXFileReference; lastKnownFileType = file.storyboard; name = Base; path = Base.lproj/LaunchScreen.storyboard; sourceTree = "<group>"; };
		A89427871E09211E00577DC8 /* Info.plist */ = {isa = PBXFileReference; lastKnownFileType = text.plist.xml; path = Info.plist; sourceTree = "<group>"; };
		A894278D1E0924D200577DC8 /* PaintView.swift */ = {isa = PBXFileReference; fileEncoding = 4; lastKnownFileType = sourcecode.swift; path = PaintView.swift; sourceTree = "<group>"; };
/* End PBXFileReference section */

/* Begin PBXFrameworksBuildPhase section */
		A89427751E09211E00577DC8 /* Frameworks */ = {
			isa = PBXFrameworksBuildPhase;
			buildActionMask = 2147483647;
			files = (
			);
			runOnlyForDeploymentPostprocessing = 0;
		};
/* End PBXFrameworksBuildPhase section */

/* Begin PBXGroup section */
		A894276F1E09211E00577DC8 = {
			isa = PBXGroup;
			children = (
				A894277A1E09211E00577DC8 /* Swift-画板 */,
				A89427791E09211E00577DC8 /* Products */,
			);
			sourceTree = "<group>";
		};
		A89427791E09211E00577DC8 /* Products */ = {
			isa = PBXGroup;
			children = (
				A89427781E09211E00577DC8 /* Swift-画板.app */,
			);
			name = Products;
			sourceTree = "<group>";
		};
		A894277A1E09211E00577DC8 /* Swift-画板 */ = {
			isa = PBXGroup;
			children = (
				A894277B1E09211E00577DC8 /* AppDelegate.swift */,
				A894277D1E09211E00577DC8 /* ViewController.swift */,
				A894278D1E0924D200577DC8 /* PaintView.swift */,
				A894277F1E09211E00577DC8 /* Main.storyboard */,
				A89427821E09211E00577DC8 /* Assets.xcassets */,
				A89427841E09211E00577DC8 /* LaunchScreen.storyboard */,
				A89427871E09211E00577DC8 /* Info.plist */,
			);
			path = "Swift-画板";
			sourceTree = "<group>";
		};
/* End PBXGroup section */

/* Begin PBXNativeTarget section */
		A89427771E09211E00577DC8 /* Swift-画板 */ = {
			isa = PBXNativeTarget;
			buildConfigurationList = A894278A1E09211E00577DC8 /* Build configuration list for PBXNativeTarget "Swift-画板" */;
			buildPhases = (
				A89427741E09211E00577DC8 /* Sources */,
				A89427751E09211E00577DC8 /* Frameworks */,
				A89427761E09211E00577DC8 /* Resources */,
			);
			buildRules = (
			);
			dependencies = (
			);
			name = "Swift-画板";
			productName = "Swift-画板";
			productReference = A89427781E09211E00577DC8 /* Swift-画板.app */;
			productType = "com.apple.product-type.application";
		};
/* End PBXNativeTarget section */

/* Begin PBXProject section */
		A89427701E09211E00577DC8 /* Project object */ = {
			isa = PBXProject;
			attributes = {
				LastSwiftUpdateCheck = 0810;
				LastUpgradeCheck = 0810;
				ORGANIZATIONNAME = "Meng Fan";
				TargetAttributes = {
					A89427771E09211E00577DC8 = {
						CreatedOnToolsVersion = 8.1;
						ProvisioningStyle = Automatic;
					};
				};
			};
			buildConfigurationList = A89427731E09211E00577DC8 /* Build configuration list for PBXProject "Swift-画板" */;
			compatibilityVersion = "Xcode 3.2";
			developmentRegion = English;
			hasScannedForEncodings = 0;
			knownRegions = (
				en,
				Base,
			);
			mainGroup = A894276F1E09211E00577DC8;
			productRefGroup = A89427791E09211E00577DC8 /* Products */;
			projectDirPath = "";
			projectRoot = "";
			targets = (
				A89427771E09211E00577DC8 /* Swift-画板 */,
			);
		};
/* End PBXProject section */

/* Begin PBXResourcesBuildPhase section */
		A89427761E09211E00577DC8 /* Resources */ = {
			isa = PBXResourcesBuildPhase;
			buildActionMask = 2147483647;
			files = (
				A89427861E09211E00577DC8 /* LaunchScreen.storyboard in Resources */,
				A89427831E09211E00577DC8 /* Assets.xcassets in Resources */,
				A89427811E09211E00577DC8 /* Main.storyboard in Resources */,
			);
			runOnlyForDeploymentPostprocessing = 0;
		};
/* End PBXResourcesBuildPhase section */

/* Begin PBXSourcesBuildPhase section */
		A89427741E09211E00577DC8 /* Sources */ = {
			isa = PBXSourcesBuildPhase;
			buildActionMask = 2147483647;
			files = (
				A894277E1E09211E00577DC8 /* ViewController.swift in Sources */,
				A894277C1E09211E00577DC8 /* AppDelegate.swift in Sources */,
				A894278E1E0924D200577DC8 /* PaintView.swift in Sources */,
			);
			runOnlyForDeploymentPostprocessing = 0;
		};
/* End PBXSourcesBuildPhase section */

/* Begin PBXVariantGroup section */
		A894277F1E09211E00577DC8 /* Main.storyboard */ = {
			isa = PBXVariantGroup;
			children = (
				A89427801E09211E00577DC8 /* Base */,
			);
			name = Main.storyboard;
			sourceTree = "<group>";
		};
		A89427841E09211E00577DC8 /* LaunchScreen.storyboard */ = {
			isa = PBXVariantGroup;
			children = (
				A89427851E09211E00577DC8 /* Base */,
			);
			name = LaunchScreen.storyboard;
			sourceTree = "<group>";
		};
/* End PBXVariantGroup section */

/* Begin XCBuildConfiguration section */
		A89427881E09211E00577DC8 /* Debug */ = {
			isa = XCBuildConfiguration;
			buildSettings = {
				ALWAYS_SEARCH_USER_PATHS = NO;
				CLANG_ANALYZER_NONNULL = YES;
				CLANG_CXX_LANGUAGE_STANDARD = "gnu++0x";
				CLANG_CXX_LIBRARY = "libc++";
				CLANG_ENABLE_MODULES = YES;
				CLANG_ENABLE_OBJC_ARC = YES;
				CLANG_WARN_BOOL_CONVERSION = YES;
				CLANG_WARN_CONSTANT_CONVERSION = YES;
				CLANG_WARN_DIRECT_OBJC_ISA_USAGE = YES_ERROR;
				CLANG_WARN_DOCUMENTATION_COMMENTS = YES;
				CLANG_WARN_EMPTY_BODY = YES;
				CLANG_WARN_ENUM_CONVERSION = YES;
				CLANG_WARN_INFINITE_RECURSION = YES;
				CLANG_WARN_INT_CONVERSION = YES;
				CLANG_WARN_OBJC_ROOT_CLASS = YES_ERROR;
				CLANG_WARN_SUSPICIOUS_MOVES = YES;
				CLANG_WARN_UNREACHABLE_CODE = YES;
				CLANG_WARN__DUPLICATE_METHOD_MATCH = YES;
				"CODE_SIGN_IDENTITY[sdk=iphoneos*]" = "iPhone Developer";
				COPY_PHASE_STRIP = NO;
				DEBUG_INFORMATION_FORMAT = dwarf;
				ENABLE_STRICT_OBJC_MSGSEND = YES;
				ENABLE_TESTABILITY = YES;
				GCC_C_LANGUAGE_STANDARD = gnu99;
				GCC_DYNAMIC_NO_PIC = NO;
				GCC_NO_COMMON_BLOCKS = YES;
				GCC_OPTIMIZATION_LEVEL = 0;
				GCC_PREPROCESSOR_DEFINITIONS = (
					"DEBUG=1",
					"$(inherited)",
				);
				GCC_WARN_64_TO_32_BIT_CONVERSION = YES;
				GCC_WARN_ABOUT_RETURN_TYPE = YES_ERROR;
				GCC_WARN_UNDECLARED_SELECTOR = YES;
				GCC_WARN_UNINITIALIZED_AUTOS = YES_AGGRESSIVE;
				GCC_WARN_UNUSED_FUNCTION = YES;
				GCC_WARN_UNUSED_VARIABLE = YES;
				IPHONEOS_DEPLOYMENT_TARGET = 10.1;
				MTL_ENABLE_DEBUG_INFO = YES;
				ONLY_ACTIVE_ARCH = YES;
				SDKROOT = iphoneos;
				SWIFT_ACTIVE_COMPILATION_CONDITIONS = DEBUG;
				SWIFT_OPTIMIZATION_LEVEL = "-Onone";
			};
			name = Debug;
		};
		A89427891E09211E00577DC8 /* Release */ = {
			isa = XCBuildConfiguration;
			buildSettings = {
				ALWAYS_SEARCH_USER_PATHS = NO;
				CLANG_ANALYZER_NONNULL = YES;
				CLANG_CXX_LANGUAGE_STANDARD = "gnu++0x";
				CLANG_CXX_LIBRARY = "libc++";
				CLANG_ENABLE_MODULES = YES;
				CLANG_ENABLE_OBJC_ARC = YES;
				CLANG_WARN_BOOL_CONVERSION = YES;
				CLANG_WARN_CONSTANT_CONVERSION = YES;
				CLANG_WARN_DIRECT_OBJC_ISA_USAGE = YES_ERROR;
				CLANG_WARN_DOCUMENTATION_COMMENTS = YES;
				CLANG_WARN_EMPTY_BODY = YES;
				CLANG_WARN_ENUM_CONVERSION = YES;
				CLANG_WARN_INFINITE_RECURSION = YES;
				CLANG_WARN_INT_CONVERSION = YES;
				CLANG_WARN_OBJC_ROOT_CLASS = YES_ERROR;
				CLANG_WARN_SUSPICIOUS_MOVES = YES;
				CLANG_WARN_UNREACHABLE_CODE = YES;
				CLANG_WARN__DUPLICATE_METHOD_MATCH = YES;
				"CODE_SIGN_IDENTITY[sdk=iphoneos*]" = "iPhone Developer";
				COPY_PHASE_STRIP = NO;
				DEBUG_INFORMATION_FORMAT = "dwarf-with-dsym";
				ENABLE_NS_ASSERTIONS = NO;
				ENABLE_STRICT_OBJC_MSGSEND = YES;
				GCC_C_LANGUAGE_STANDARD = gnu99;
				GCC_NO_COMMON_BLOCKS = YES;
				GCC_WARN_64_TO_32_BIT_CONVERSION = YES;
				GCC_WARN_ABOUT_RETURN_TYPE = YES_ERROR;
				GCC_WARN_UNDECLARED_SELECTOR = YES;
				GCC_WARN_UNINITIALIZED_AUTOS = YES_AGGRESSIVE;
				GCC_WARN_UNUSED_FUNCTION = YES;
				GCC_WARN_UNUSED_VARIABLE = YES;
				IPHONEOS_DEPLOYMENT_TARGET = 10.1;
				MTL_ENABLE_DEBUG_INFO = NO;
				SDKROOT = iphoneos;
				SWIFT_OPTIMIZATION_LEVEL = "-Owholemodule";
				VALIDATE_PRODUCT = YES;
			};
			name = Release;
		};
		A894278B1E09211E00577DC8 /* Debug */ = {
			isa = XCBuildConfiguration;
			buildSettings = {
				ASSETCATALOG_COMPILER_APPICON_NAME = AppIcon;
				INFOPLIST_FILE = "Swift-画板/Info.plist";
				LD_RUNPATH_SEARCH_PATHS = "$(inherited) @executable_path/Frameworks";
				PRODUCT_BUNDLE_IDENTIFIER = "com.dk.Swift---";
				PRODUCT_NAME = "$(TARGET_NAME)";
				SWIFT_VERSION = 3.0;
			};
			name = Debug;
		};
		A894278C1E09211E00577DC8 /* Release */ = {
			isa = XCBuildConfiguration;
			buildSettings = {
				ASSETCATALOG_COMPILER_APPICON_NAME = AppIcon;
				INFOPLIST_FILE = "Swift-画板/Info.plist";
				LD_RUNPATH_SEARCH_PATHS = "$(inherited) @executable_path/Frameworks";
				PRODUCT_BUNDLE_IDENTIFIER = "com.dk.Swift---";
				PRODUCT_NAME = "$(TARGET_NAME)";
				SWIFT_VERSION = 3.0;
			};
			name = Release;
		};
/* End XCBuildConfiguration section */

/* Begin XCConfigurationList section */
		A89427731E09211E00577DC8 /* Build configuration list for PBXProject "Swift-画板" */ = {
			isa = XCConfigurationList;
			buildConfigurations = (
				A89427881E09211E00577DC8 /* Debug */,
				A89427891E09211E00577DC8 /* Release */,
			);
			defaultConfigurationIsVisible = 0;
			defaultConfigurationName = Release;
		};
		A894278A1E09211E00577DC8 /* Build configuration list for PBXNativeTarget "Swift-画板" */ = {
			isa = XCConfigurationList;
			buildConfigurations = (
				A894278B1E09211E00577DC8 /* Debug */,
				A894278C1E09211E00577DC8 /* Release */,
			);
			defaultConfigurationIsVisible = 0;
		};
/* End XCConfigurationList section */
	};
	rootObject = A89427701E09211E00577DC8 /* Project object */;
}
